
Microsoft Visual Studio Solution File, Format Version 12.00
# Visual Studio Version 16
VisualStudioVersion = 16.0.29728.190
MinimumVisualStudioVersion = 10.0.40219.1
Project("{9A19103F-16F7-4668-BE54-9A1E7A4F7556}") = "Back", "Bask\Back.csproj", "{6FF46465-3BE6-457E-9C0D-C9DC81A65B7F}"
EndProject
Project("{9A19103F-16F7-4668-BE54-9A1E7A4F7556}") = "DataLayer", "DataLayer\DataLayer.csproj", "{96FF2168-66FF-426E-8757-127201991C0D}"
EndProject
Project("{FAE04EC0-301F-11D3-BF4B-00C04F79EFBC}") = "BuissnesLayer", "BuissnesLayer\BuissnesLayer.csproj", "{D3C099AA-A704-4E44-9B02-FEBB9633CC10}"
EndProject
Project("{FAE04EC0-301F-11D3-BF4B-00C04F79EFBC}") = "PresentationLayer", "PresentationLayer\PresentationLayer.csproj", "{28DF2E2C-899A-45F8-9BCE-B4967C60965C}"
EndProject
Global
	GlobalSection(SolutionConfigurationPlatforms) = preSolution
		Debug|Any CPU = Debug|Any CPU
		Release|Any CPU = Release|Any CPU
	EndGlobalSection
	GlobalSection(ProjectConfigurationPlatforms) = postSolution
		{6FF46465-3BE6-457E-9C0D-C9DC81A65B7F}.Debug|Any CPU.ActiveCfg = Debug|Any CPU
		{6FF46465-3BE6-457E-9C0D-C9DC81A65B7F}.Debug|Any CPU.Build.0 = Debug|Any CPU
		{6FF46465-3BE6-457E-9C0D-C9DC81A65B7F}.Release|Any CPU.ActiveCfg = Release|Any CPU
		{6FF46465-3BE6-457E-9C0D-C9DC81A65B7F}.Release|Any CPU.Build.0 = Release|Any CPU
		{96FF2168-66FF-426E-8757-127201991C0D}.Debug|Any CPU.ActiveCfg = Debug|Any CPU
		{96FF2168-66FF-426E-8757-127201991C0D}.Debug|Any CPU.Build.0 = Debug|Any CPU
		{96FF2168-66FF-426E-8757-127201991C0D}.Release|Any CPU.ActiveCfg = Release|Any CPU
		{96FF2168-66FF-426E-8757-127201991C0D}.Release|Any CPU.Build.0 = Release|Any CPU
		{D3C099AA-A704-4E44-9B02-FEBB9633CC10}.Debug|Any CPU.ActiveCfg = Debug|Any CPU
		{D3C099AA-A704-4E44-9B02-FEBB9633CC10}.Debug|Any CPU.Build.0 = Debug|Any CPU
		{D3C099AA-A704-4E44-9B02-FEBB9633CC10}.Release|Any CPU.ActiveCfg = Release|Any CPU
		{D3C099AA-A704-4E44-9B02-FEBB9633CC10}.Release|Any CPU.Build.0 = Release|Any CPU
		{28DF2E2C-899A-45F8-9BCE-B4967C60965C}.Debug|Any CPU.ActiveCfg = Debug|Any CPU
		{28DF2E2C-899A-45F8-9BCE-B4967C60965C}.Debug|Any CPU.Build.0 = Debug|Any CPU
		{28DF2E2C-899A-45F8-9BCE-B4967C60965C}.Release|Any CPU.ActiveCfg = Release|Any CPU
		{28DF2E2C-899A-45F8-9BCE-B4967C60965C}.Release|Any CPU.Build.0 = Release|Any CPU
	EndGlobalSection
	GlobalSection(SolutionProperties) = preSolution
		HideSolutionNode = FALSE
	EndGlobalSection
	GlobalSection(ExtensibilityGlobals) = postSolution
		SolutionGuid = {1D89DC31-73B6-4BAB-94F3-286F850EDB79}
	EndGlobalSection
EndGlobal
